
Microsoft Visual Studio Solution File, Format Version 11.00
# Visual Studio 2010
Project("{FAE04EC0-301F-11D3-BF4B-00C04F79EFBC}") = "Assembly-CSharp", "Assembly-CSharp.csproj", "{2e557d31-f806-3b2c-8dfa-254c8cdc49e5}"
EndProject
Project("{FAE04EC0-301F-11D3-BF4B-00C04F79EFBC}") = "Assembly-CSharp-Editor", "Assembly-CSharp-Editor.csproj", "{6795bca5-b1e2-c47b-a72c-7977214b7dba}"
EndProject
Global
	GlobalSection(SolutionConfigurationPlatforms) = preSolution
		Debug|Any CPU = Debug|Any CPU
	EndGlobalSection
	GlobalSection(ProjectConfigurationPlatforms) = postSolution
		{2e557d31-f806-3b2c-8dfa-254c8cdc49e5}.Debug|Any CPU.ActiveCfg = Debug|Any CPU
		{2e557d31-f806-3b2c-8dfa-254c8cdc49e5}.Debug|Any CPU.Build.0 = Debug|Any CPU
		{6795bca5-b1e2-c47b-a72c-7977214b7dba}.Debug|Any CPU.ActiveCfg = Debug|Any CPU
		{6795bca5-b1e2-c47b-a72c-7977214b7dba}.Debug|Any CPU.Build.0 = Debug|Any CPU
	EndGlobalSection
	GlobalSection(SolutionProperties) = preSolution
		HideSolutionNode = FALSE
	EndGlobalSection
EndGlobal
